github.com/chromedp/cdproto v0.0.0-20180713053126-e314dc107013/go.mod h1:C2GPAraqdt1KfZU7aSmx1XUgarNq/3JmxevQkmCjOVs=
github.com/chromedp/cdproto v0.0.0-20190207000234-34a5588f6c0e h1:W+NmCDxT3g5yIiE55frPTbOk/mrjbpZ8uL+gx+vYJ34=
github.com/chromedp/cdproto v0.0.0-20190207000234-34a5588f6c0e/go.mod h1:xquOK9dIGFlLaIGI4c6IyfLI/Gz0LiYYuJtzhsUODgI=
github.com/chromedp/chromedp v0.1.3-0.20190114103819-7f54f3f93c18 h1:ntUpCkyVqX2fsPTy/oVC5e1xuXfOdXyo2U8CAtDprpA=
github.com/chromedp/chromedp v0.1.3-0.20190114103819-7f54f3f93c18/go.mod h1:t8Tkmy52EnQj5ubADjvgTuA8Hs2cZv2khyrf3EzYWxo=
github.com/disintegration/imaging v1.4.2 h1:BSVxoYQ2NfLdvIGCDD8GHgBV5K0FCEsc0d/6FxQII3I=
github.com/disintegration/imaging v1.4.2/go.mod h1:9B/deIUIrliYkyMTuXJd6OUFLcrZ2tf+3Qlwnaf/CjU=
github.com/gorilla/websocket v1.2.0 h1:VJtLvh6VQym50czpZzx07z/kw9EgAxI3x1ZB8taTMQQ=
github.com/gorilla/websocket v1.2.0/go.mod h1:E7qHFY5m1UJ88s3WnNqhKjPHQ0heANvMoAMk2YaljkQ=
github.com/knq/sysutil v0.0.0-20180306023629-0218e141a794/go.mod h1:BjPj+aVjl9FW/cCGiF3nGh5v+9Gd3VCgBQbod/GlMaQ=
github.com/knq/sysutil v0.0.0-20181215143952-f05b59f0f307 h1:vl4eIlySbjertFaNwiMjXsGrFVK25aOWLq7n+3gh2ls=
github.com/knq/sysutil v0.0.0-20181215143952-f05b59f0f307/go.mod h1:BjPj+aVjl9FW/cCGiF3nGh5v+9Gd3VCgBQbod/GlMaQ=
github.com/mailru/easyjson v0.0.0-20180606163543-3fdea8d05856/go.mod h1:C1wdFJiN94OJF2b5HbByQZoLdCWB1Yqtg26g4irojpc=
github.com/mailru/easyjson v0.0.0-20180823135443-60711f1a8329 h1:2gxZ0XQIU/5z3Z3bUBu+FXuk2pFbkN6tcwi/pjyaDic=
github.com/mailru/easyjson v0.0.0-20180823135443-60711f1a8329/go.mod h1:C1wdFJiN94OJF2b5HbByQZoLdCWB1Yqtg26g4irojpc=
github.com/pkg/errors v0.8.1 h1:iURUrRGxPUNPdy5/HRSm+Yj6okJ6UtLINN0Q9M4+h3I=
github.com/pkg/errors v0.8.1/go.mod h1:bwawxfHBFNV+L2hUp1rHADufV3IMtnDRdf1r5NINEl0=
gocv.io/x/gocv v0.18.0 h1:uW6C5ZjvEZjW+SwHtObmIWH73xNSsUXtSR26+k7OHpA=
gocv.io/x/gocv v0.18.0/go.mod h1:3qacsKAMRS0sZmeLySWcbFeVEU3t86igWaQleAgiuBg=
golang.org/x/image v0.0.0-20180708004352-c73c2afc3b81 h1:00VmoueYNlNz/aHIilyyQz/MHSqGoWJzpFv/HW8xpzI=
golang.org/x/image v0.0.0-20180708004352-c73c2afc3b81/go.mod h1:ux5Hcp/YLpHSI86hEcLt0YII63i6oz57MZXIpbrjZUs=
